// !$*UTF8*$!
{
	archiveVersion = 1;
	classes = {
	};
	objectVersion = 77;
	objects = {

/* Begin PBXBuildFile section */
		2271F2752D4D7ADE00EB9227 /* Starscream in Frameworks */ = {isa = PBXBuildFile; productRef = 2271F2742D4D7ADE00EB9227 /* Starscream */; };
/* End PBXBuildFile section */

/* Begin PBXContainerItemProxy section */
		228EFFF42CD19D2000703F6D /* PBXContainerItemProxy */ = {
			isa = PBXContainerItemProxy;
			containerPortal = 228EFFDB2CD19D1F00703F6D /* Project object */;
			proxyType = 1;
			remoteGlobalIDString = 228EFFE22CD19D1F00703F6D;
			remoteInfo = lidar;
		};
		228EFFFE2CD19D2000703F6D /* PBXContainerItemProxy */ = {
			isa = PBXContainerItemProxy;
			containerPortal = 228EFFDB2CD19D1F00703F6D /* Project object */;
			proxyType = 1;
			remoteGlobalIDString = 228EFFE22CD19D1F00703F6D;
			remoteInfo = lidar;
		};
/* End PBXContainerItemProxy section */

/* Begin PBXFileReference section */
		228EFFE32CD19D1F00703F6D /* lidar.app */ = {isa = PBXFileReference; explicitFileType = wrapper.application; includeInIndex = 0; path = lidar.app; sourceTree = BUILT_PRODUCTS_DIR; };
		228EFFF32CD19D2000703F6D /* lidarTests.xctest */ = {isa = PBXFileReference; explicitFileType = wrapper.cfbundle; includeInIndex = 0; path = lidarTests.xctest; sourceTree = BUILT_PRODUCTS_DIR; };
		228EFFFD2CD19D2000703F6D /* lidarUITests.xctest */ = {isa = PBXFileReference; explicitFileType = wrapper.cfbundle; includeInIndex = 0; path = lidarUITests.xctest; sourceTree = BUILT_PRODUCTS_DIR; };
/* End PBXFileReference section */

/* Begin PBXFileSystemSynchronizedRootGroup section */
		228E00002CD19D2000703F6D /* lidarUITests */ = {
			isa = PBXFileSystemSynchronizedRootGroup;
			path = lidarUITests;
			sourceTree = "<group>";
		};
		228EFFE52CD19D1F00703F6D /* lidar */ = {
			isa = PBXFileSystemSynchronizedRootGroup;
			path = lidar;
			sourceTree = "<group>";
		};
		228EFFF62CD19D2000703F6D /* lidarTests */ = {
			isa = PBXFileSystemSynchronizedRootGroup;
			path = lidarTests;
			sourceTree = "<group>";
		};
/* End PBXFileSystemSynchronizedRootGroup section */

/* Begin PBXFrameworksBuildPhase section */
		228EFFE02CD19D1F00703F6D /* Frameworks */ = {
			isa = PBXFrameworksBuildPhase;
			buildActionMask = 2147483647;
			files = (
				2271F2752D4D7ADE00EB9227 /* Starscream in Frameworks */,
			);
			runOnlyForDeploymentPostprocessing = 0;
		};
		228EFFF02CD19D2000703F6D /* Frameworks */ = {
			isa = PBXFrameworksBuildPhase;
			buildActionMask = 2147483647;
			files = (
			);
			runOnlyForDeploymentPostprocessing = 0;
		};
		228EFFFA2CD19D2000703F6D /* Frameworks */ = {
			isa = PBXFrameworksBuildPhase;
			buildActionMask = 2147483647;
			files = (
			);
			runOnlyForDeploymentPostprocessing = 0;
		};
/* End PBXFrameworksBuildPhase section */

/* Begin PBXGroup section */
		2271F2732D4D7ADE00EB9227 /* Frameworks */ = {
			isa = PBXGroup;
			children = (
			);
			name = Frameworks;
			sourceTree = "<group>";
		};
		228EFFDA2CD19D1F00703F6D = {
			isa = PBXGroup;
			children = (
				228EFFE52CD19D1F00703F6D /* lidar */,
				228EFFF62CD19D2000703F6D /* lidarTests */,
				228E00002CD19D2000703F6D /* lidarUITests */,
				2271F2732D4D7ADE00EB9227 /* Frameworks */,
				228EFFE42CD19D1F00703F6D /* Products */,
			);
			sourceTree = "<group>";
		};
		228EFFE42CD19D1F00703F6D /* Products */ = {
			isa = PBXGroup;
			children = (
				228EFFE32CD19D1F00703F6D /* lidar.app */,
				228EFFF32CD19D2000703F6D /* lidarTests.xctest */,
				228EFFFD2CD19D2000703F6D /* lidarUITests.xctest */,
			);
			name = Products;
			sourceTree = "<group>";
		};
/* End PBXGroup section */

/* Begin PBXNativeTarget section */
		228EFFE22CD19D1F00703F6D /* lidar */ = {
			isa = PBXNativeTarget;
			buildConfigurationList = 228E00072CD19D2000703F6D /* Build configuration list for PBXNativeTarget "lidar" */;
			buildPhases = (
				228EFFDF2CD19D1F00703F6D /* Sources */,
				228EFFE02CD19D1F00703F6D /* Frameworks */,
				228EFFE12CD19D1F00703F6D /* Resources */,
			);
			buildRules = (
			);
			dependencies = (
			);
			fileSystemSynchronizedGroups = (
				228EFFE52CD19D1F00703F6D /* lidar */,
			);
			name = lidar;
			packageProductDependencies = (
				2271F2742D4D7ADE00EB9227 /* Starscream */,
			);
			productName = lidar;
			productReference = 228EFFE32CD19D1F00703F6D /* lidar.app */;
			productType = "com.apple.product-type.application";
		};
		228EFFF22CD19D2000703F6D /* lidarTests */ = {
			isa = PBXNativeTarget;
			buildConfigurationList = 228E000A2CD19D2000703F6D /* Build configuration list for PBXNativeTarget "lidarTests" */;
			buildPhases = (
				228EFFEF2CD19D2000703F6D /* Sources */,
				228EFFF02CD19D2000703F6D /* Frameworks */,
				228EFFF12CD19D2000703F6D /* Resources */,
			);
			buildRules = (
			);
			dependencies = (
				228EFFF52CD19D2000703F6D /* PBXTargetDependency */,
			);
			fileSystemSynchronizedGroups = (
				228EFFF62CD19D2000703F6D /* lidarTests */,
			);
			name = lidarTests;
			packageProductDependencies = (
			);
			productName = lidarTests;
			productReference = 228EFFF32CD19D2000703F6D /* lidarTests.xctest */;
			productType = "com.apple.product-type.bundle.unit-test";
		};
		228EFFFC2CD19D2000703F6D /* lidarUITests */ = {
			isa = PBXNativeTarget;
			buildConfigurationList = 228E000D2CD19D2000703F6D /* Build configuration list for PBXNativeTarget "lidarUITests" */;
			buildPhases = (
				228EFFF92CD19D2000703F6D /* Sources */,
				228EFFFA2CD19D2000703F6D /* Frameworks */,
				228EFFFB2CD19D2000703F6D /* Resources */,
			);
			buildRules = (
			);
			dependencies = (
				228EFFFF2CD19D2000703F6D /* PBXTargetDependency */,
			);
			fileSystemSynchronizedGroups = (
				228E00002CD19D2000703F6D /* lidarUITests */,
			);
			name = lidarUITests;
			packageProductDependencies = (
			);
			productName = lidarUITests;
			productReference = 228EFFFD2CD19D2000703F6D /* lidarUITests.xctest */;
			productType = "com.apple.product-type.bundle.ui-testing";
		};
/* End PBXNativeTarget section */

/* Begin PBXProject section */
		228EFFDB2CD19D1F00703F6D /* Project object */ = {
			isa = PBXProject;
			attributes = {
				BuildIndependentTargetsInParallel = 1;
				LastSwiftUpdateCheck = 1610;
				LastUpgradeCheck = 1610;
				TargetAttributes = {
					228EFFE22CD19D1F00703F6D = {
						CreatedOnToolsVersion = 16.1;
					};
					228EFFF22CD19D2000703F6D = {
						CreatedOnToolsVersion = 16.1;
						TestTargetID = 228EFFE22CD19D1F00703F6D;
					};
					228EFFFC2CD19D2000703F6D = {
						CreatedOnToolsVersion = 16.1;
						TestTargetID = 228EFFE22CD19D1F00703F6D;
					};
				};
			};
			buildConfigurationList = 228EFFDE2CD19D1F00703F6D /* Build configuration list for PBXProject "lidar" */;
			developmentRegion = en;
			hasScannedForEncodings = 0;
			knownRegions = (
				en,
				Base,
			);
			mainGroup = 228EFFDA2CD19D1F00703F6D;
			minimizedProjectReferenceProxies = 1;
			packageReferences = (
				2271F2722D4D77FC00EB9227 /* XCRemoteSwiftPackageReference "Starscream" */,
			);
			preferredProjectObjectVersion = 77;
			productRefGroup = 228EFFE42CD19D1F00703F6D /* Products */;
			projectDirPath = "";
			projectRoot = "";
			targets = (
				228EFFE22CD19D1F00703F6D /* lidar */,
				228EFFF22CD19D2000703F6D /* lidarTests */,
				228EFFFC2CD19D2000703F6D /* lidarUITests */,
			);
		};
/* End PBXProject section */

/* Begin PBXResourcesBuildPhase section */
		228EFFE12CD19D1F00703F6D /* Resources */ = {
			isa = PBXResourcesBuildPhase;
			buildActionMask = 2147483647;
			files = (
			);
			runOnlyForDeploymentPostprocessing = 0;
		};
		228EFFF12CD19D2000703F6D /* Resources */ = {
			isa = PBXResourcesBuildPhase;
			buildActionMask = 2147483647;
			files = (
			);
			runOnlyForDeploymentPostprocessing = 0;
		};
		228EFFFB2CD19D2000703F6D /* Resources */ = {
			isa = PBXResourcesBuildPhase;
			buildActionMask = 2147483647;
			files = (
			);
			runOnlyForDeploymentPostprocessing = 0;
		};
/* End PBXResourcesBuildPhase section */

/* Begin PBXSourcesBuildPhase section */
		228EFFDF2CD19D1F00703F6D /* Sources */ = {
			isa = PBXSourcesBuildPhase;
			buildActionMask = 2147483647;
			files = (
			);
			runOnlyForDeploymentPostprocessing = 0;
		};
		228EFFEF2CD19D2000703F6D /* Sources */ = {
			isa = PBXSourcesBuildPhase;
			buildActionMask = 2147483647;
			files = (
			);
			runOnlyForDeploymentPostprocessing = 0;
		};
		228EFFF92CD19D2000703F6D /* Sources */ = {
			isa = PBXSourcesBuildPhase;
			buildActionMask = 2147483647;
			files = (
			);
			runOnlyForDeploymentPostprocessing = 0;
		};
/* End PBXSourcesBuildPhase section */

/* Begin PBXTargetDependency section */
		228EFFF52CD19D2000703F6D /* PBXTargetDependency */ = {
			isa = PBXTargetDependency;
			target = 228EFFE22CD19D1F00703F6D /* lidar */;
			targetProxy = 228EFFF42CD19D2000703F6D /* PBXContainerItemProxy */;
		};
		228EFFFF2CD19D2000703F6D /* PBXTargetDependency */ = {
			isa = PBXTargetDependency;
			target = 228EFFE22CD19D1F00703F6D /* lidar */;
			targetProxy = 228EFFFE2CD19D2000703F6D /* PBXContainerItemProxy */;
		};
/* End PBXTargetDependency section */

/* Begin XCBuildConfiguration section */
		228E00052CD19D2000703F6D /* Debug */ = {
			isa = XCBuildConfiguration;
			buildSettings = {
				ALWAYS_SEARCH_USER_PATHS = NO;
				ASSETCATALOG_COMPILER_GENERATE_SWIFT_ASSET_SYMBOL_EXTENSIONS = YES;
				CLANG_ANALYZER_NONNULL = YES;
				CLANG_ANALYZER_NUMBER_OBJECT_CONVERSION = YES_AGGRESSIVE;
				CLANG_CXX_LANGUAGE_STANDARD = "gnu++20";
				CLANG_ENABLE_MODULES = YES;
				CLANG_ENABLE_OBJC_ARC = YES;
				CLANG_ENABLE_OBJC_WEAK = YES;
				CLANG_WARN_BLOCK_CAPTURE_AUTORELEASING = YES;
				CLANG_WARN_BOOL_CONVERSION = YES;
				CLANG_WARN_COMMA = YES;
				CLANG_WARN_CONSTANT_CONVERSION = YES;
				CLANG_WARN_DEPRECATED_OBJC_IMPLEMENTATIONS = YES;
				CLANG_WARN_DIRECT_OBJC_ISA_USAGE = YES_ERROR;
				CLANG_WARN_DOCUMENTATION_COMMENTS = YES;
				CLANG_WARN_EMPTY_BODY = YES;
				CLANG_WARN_ENUM_CONVERSION = YES;
				CLANG_WARN_INFINITE_RECURSION = YES;
				CLANG_WARN_INT_CONVERSION = YES;
				CLANG_WARN_NON_LITERAL_NULL_CONVERSION = YES;
				CLANG_WARN_OBJC_IMPLICIT_RETAIN_SELF = YES;
				CLANG_WARN_OBJC_LITERAL_CONVERSION = YES;
				CLANG_WARN_OBJC_ROOT_CLASS = YES_ERROR;
				CLANG_WARN_QUOTED_INCLUDE_IN_FRAMEWORK_HEADER = YES;
				CLANG_WARN_RANGE_LOOP_ANALYSIS = YES;
				CLANG_WARN_STRICT_PROTOTYPES = YES;
				CLANG_WARN_SUSPICIOUS_MOVE = YES;
				CLANG_WARN_UNGUARDED_AVAILABILITY = YES_AGGRESSIVE;
				CLANG_WARN_UNREACHABLE_CODE = YES;
				CLANG_WARN__DUPLICATE_METHOD_MATCH = YES;
				COPY_PHASE_STRIP = NO;
				DEBUG_INFORMATION_FORMAT = dwarf;
				ENABLE_STRICT_OBJC_MSGSEND = YES;
				ENABLE_TESTABILITY = YES;
				ENABLE_USER_SCRIPT_SANDBOXING = YES;
				GCC_C_LANGUAGE_STANDARD = gnu17;
				GCC_DYNAMIC_NO_PIC = NO;
				GCC_NO_COMMON_BLOCKS = YES;
				GCC_OPTIMIZATION_LEVEL = 0;
				GCC_PREPROCESSOR_DEFINITIONS = (
					"DEBUG=1",
					"$(inherited)",
				);
				GCC_WARN_64_TO_32_BIT_CONVERSION = YES;
				GCC_WARN_ABOUT_RETURN_TYPE = YES_ERROR;
				GCC_WARN_UNDECLARED_SELECTOR = YES;
				GCC_WARN_UNINITIALIZED_AUTOS = YES_AGGRESSIVE;
				GCC_WARN_UNUSED_FUNCTION = YES;
				GCC_WARN_UNUSED_VARIABLE = YES;
				IPHONEOS_DEPLOYMENT_TARGET = 18.1;
				LOCALIZATION_PREFERS_STRING_CATALOGS = YES;
				MTL_ENABLE_DEBUG_INFO = INCLUDE_SOURCE;
				MTL_FAST_MATH = YES;
				ONLY_ACTIVE_ARCH = YES;
				SDKROOT = iphoneos;
				SWIFT_ACTIVE_COMPILATION_CONDITIONS = "DEBUG $(inherited)";
				SWIFT_OPTIMIZATION_LEVEL = "-Onone";
			};
			name = Debug;
		};
		228E00062CD19D2000703F6D /* Release */ = {
			isa = XCBuildConfiguration;
			buildSettings = {
				ALWAYS_SEARCH_USER_PATHS = NO;
				ASSETCATALOG_COMPILER_GENERATE_SWIFT_ASSET_SYMBOL_EXTENSIONS = YES;
				CLANG_ANALYZER_NONNULL = YES;
				CLANG_ANALYZER_NUMBER_OBJECT_CONVERSION = YES_AGGRESSIVE;
				CLANG_CXX_LANGUAGE_STANDARD = "gnu++20";
				CLANG_ENABLE_MODULES = YES;
				CLANG_ENABLE_OBJC_ARC = YES;
				CLANG_ENABLE_OBJC_WEAK = YES;
				CLANG_WARN_BLOCK_CAPTURE_AUTORELEASING = YES;
				CLANG_WARN_BOOL_CONVERSION = YES;
				CLANG_WARN_COMMA = YES;
				CLANG_WARN_CONSTANT_CONVERSION = YES;
				CLANG_WARN_DEPRECATED_OBJC_IMPLEMENTATIONS = YES;
				CLANG_WARN_DIRECT_OBJC_ISA_USAGE = YES_ERROR;
				CLANG_WARN_DOCUMENTATION_COMMENTS = YES;
				CLANG_WARN_EMPTY_BODY = YES;
				CLANG_WARN_ENUM_CONVERSION = YES;
				CLANG_WARN_INFINITE_RECURSION = YES;
				CLANG_WARN_INT_CONVERSION = YES;
				CLANG_WARN_NON_LITERAL_NULL_CONVERSION = YES;
				CLANG_WARN_OBJC_IMPLICIT_RETAIN_SELF = YES;
				CLANG_WARN_OBJC_LITERAL_CONVERSION = YES;
				CLANG_WARN_OBJC_ROOT_CLASS = YES_ERROR;
				CLANG_WARN_QUOTED_INCLUDE_IN_FRAMEWORK_HEADER = YES;
				CLANG_WARN_RANGE_LOOP_ANALYSIS = YES;
				CLANG_WARN_STRICT_PROTOTYPES = YES;
				CLANG_WARN_SUSPICIOUS_MOVE = YES;
				CLANG_WARN_UNGUARDED_AVAILABILITY = YES_AGGRESSIVE;
				CLANG_WARN_UNREACHABLE_CODE = YES;
				CLANG_WARN__DUPLICATE_METHOD_MATCH = YES;
				COPY_PHASE_STRIP = NO;
				DEBUG_INFORMATION_FORMAT = "dwarf-with-dsym";
				ENABLE_NS_ASSERTIONS = NO;
				ENABLE_STRICT_OBJC_MSGSEND = YES;
				ENABLE_USER_SCRIPT_SANDBOXING = YES;
				GCC_C_LANGUAGE_STANDARD = gnu17;
				GCC_NO_COMMON_BLOCKS = YES;
				GCC_WARN_64_TO_32_BIT_CONVERSION = YES;
				GCC_WARN_ABOUT_RETURN_TYPE = YES_ERROR;
				GCC_WARN_UNDECLARED_SELECTOR = YES;
				GCC_WARN_UNINITIALIZED_AUTOS = YES_AGGRESSIVE;
				GCC_WARN_UNUSED_FUNCTION = YES;
				GCC_WARN_UNUSED_VARIABLE = YES;
				IPHONEOS_DEPLOYMENT_TARGET = 18.1;
				LOCALIZATION_PREFERS_STRING_CATALOGS = YES;
				MTL_ENABLE_DEBUG_INFO = NO;
				MTL_FAST_MATH = YES;
				SDKROOT = iphoneos;
				SWIFT_COMPILATION_MODE = wholemodule;
				VALIDATE_PRODUCT = YES;
			};
			name = Release;
		};
		228E00082CD19D2000703F6D /* Debug */ = {
			isa = XCBuildConfiguration;
			buildSettings = {
				ASSETCATALOG_COMPILER_APPICON_NAME = AppIcon;
				ASSETCATALOG_COMPILER_GLOBAL_ACCENT_COLOR_NAME = AccentColor;
				CODE_SIGN_STYLE = Automatic;
				CURRENT_PROJECT_VERSION = 1;
				DEVELOPMENT_ASSET_PATHS = "\"lidar/Preview Content\"";
				DEVELOPMENT_TEAM = J7UTAJ2A4G;
				ENABLE_PREVIEWS = YES;
				GENERATE_INFOPLIST_FILE = YES;
				INFOPLIST_KEY_NSCameraUsageDescription = "";
				INFOPLIST_KEY_UIApplicationSupportsIndirectInputEvents = YES;
				INFOPLIST_KEY_UILaunchScreen_Generation = YES;
				INFOPLIST_KEY_UIRequiredDeviceCapabilities = arkit;
				INFOPLIST_KEY_UIStatusBarHidden = YES;
				INFOPLIST_KEY_UISupportedInterfaceOrientations_iPad = "UIInterfaceOrientationPortrait UIInterfaceOrientationPortraitUpsideDown UIInterfaceOrientationLandscapeLeft UIInterfaceOrientationLandscapeRight";
				INFOPLIST_KEY_UISupportedInterfaceOrientations_iPhone = "UIInterfaceOrientationPortrait UIInterfaceOrientationLandscapeLeft UIInterfaceOrientationLandscapeRight";
				IPHONEOS_DEPLOYMENT_TARGET = 18.0;
				LD_RUNPATH_SEARCH_PATHS = (
					"$(inherited)",
					"@executable_path/Frameworks",
				);
				MARKETING_VERSION = 1.0;
				PRODUCT_BUNDLE_IDENTIFIER = "dumb-INC..lidar";
				PRODUCT_NAME = "$(TARGET_NAME)";
				SWIFT_EMIT_LOC_STRINGS = YES;
				SWIFT_VERSION = 5.0;
				TARGETED_DEVICE_FAMILY = "1,2";
			};
			name = Debug;
		};
		228E00092CD19D2000703F6D /* Release */ = {
			isa = XCBuildConfiguration;
			buildSettings = {
				ASSETCATALOG_COMPILER_APPICON_NAME = AppIcon;
				ASSETCATALOG_COMPILER_GLOBAL_ACCENT_COLOR_NAME = AccentColor;
				CODE_SIGN_STYLE = Automatic;
				CURRENT_PROJECT_VERSION = 1;
				DEVELOPMENT_ASSET_PATHS = "\"lidar/Preview Content\"";
				DEVELOPMENT_TEAM = J7UTAJ2A4G;
				ENABLE_PREVIEWS = YES;
				GENERATE_INFOPLIST_FILE = YES;
				INFOPLIST_KEY_NSCameraUsageDescription = "";
				INFOPLIST_KEY_UIApplicationSupportsIndirectInputEvents = YES;
				INFOPLIST_KEY_UILaunchScreen_Generation = YES;
				INFOPLIST_KEY_UIRequiredDeviceCapabilities = arkit;
				INFOPLIST_KEY_UIStatusBarHidden = YES;
				INFOPLIST_KEY_UISupportedInterfaceOrientations_iPad = "UIInterfaceOrientationPortrait UIInterfaceOrientationPortraitUpsideDown UIInterfaceOrientationLandscapeLeft UIInterfaceOrientationLandscapeRight";
				INFOPLIST_KEY_UISupportedInterfaceOrientations_iPhone = "UIInterfaceOrientationPortrait UIInterfaceOrientationLandscapeLeft UIInterfaceOrientationLandscapeRight";
				IPHONEOS_DEPLOYMENT_TARGET = 18.0;
				LD_RUNPATH_SEARCH_PATHS = (
					"$(inherited)",
					"@executable_path/Frameworks",
				);
				MARKETING_VERSION = 1.0;
				PRODUCT_BUNDLE_IDENTIFIER = "dumb-INC..lidar";
				PRODUCT_NAME = "$(TARGET_NAME)";
				SWIFT_EMIT_LOC_STRINGS = YES;
				SWIFT_VERSION = 5.0;
				TARGETED_DEVICE_FAMILY = "1,2";
			};
			name = Release;
		};
		228E000B2CD19D2000703F6D /* Debug */ = {
			isa = XCBuildConfiguration;
			buildSettings = {
				BUNDLE_LOADER = "$(TEST_HOST)";
				CODE_SIGN_STYLE = Automatic;
				CURRENT_PROJECT_VERSION = 1;
				DEVELOPMENT_TEAM = J7UTAJ2A4G;
				GENERATE_INFOPLIST_FILE = YES;
				IPHONEOS_DEPLOYMENT_TARGET = 18.1;
				MARKETING_VERSION = 1.0;
				PRODUCT_BUNDLE_IDENTIFIER = "dumb-INC..lidarTests";
				PRODUCT_NAME = "$(TARGET_NAME)";
				SWIFT_EMIT_LOC_STRINGS = NO;
				SWIFT_VERSION = 5.0;
				TARGETED_DEVICE_FAMILY = "1,2";
				TEST_HOST = "$(BUILT_PRODUCTS_DIR)/lidar.app/$(BUNDLE_EXECUTABLE_FOLDER_PATH)/lidar";
			};
			name = Debug;
		};
		228E000C2CD19D2000703F6D /* Release */ = {
			isa = XCBuildConfiguration;
			buildSettings = {
				BUNDLE_LOADER = "$(TEST_HOST)";
				CODE_SIGN_STYLE = Automatic;
				CURRENT_PROJECT_VERSION = 1;
				DEVELOPMENT_TEAM = J7UTAJ2A4G;
				GENERATE_INFOPLIST_FILE = YES;
				IPHONEOS_DEPLOYMENT_TARGET = 18.1;
				MARKETING_VERSION = 1.0;
				PRODUCT_BUNDLE_IDENTIFIER = "dumb-INC..lidarTests";
				PRODUCT_NAME = "$(TARGET_NAME)";
				SWIFT_EMIT_LOC_STRINGS = NO;
				SWIFT_VERSION = 5.0;
				TARGETED_DEVICE_FAMILY = "1,2";
				TEST_HOST = "$(BUILT_PRODUCTS_DIR)/lidar.app/$(BUNDLE_EXECUTABLE_FOLDER_PATH)/lidar";
			};
			name = Release;
		};
		228E000E2CD19D2000703F6D /* Debug */ = {
			isa = XCBuildConfiguration;
			buildSettings = {
				CODE_SIGN_STYLE = Automatic;
				CURRENT_PROJECT_VERSION = 1;
				DEVELOPMENT_TEAM = J7UTAJ2A4G;
				GENERATE_INFOPLIST_FILE = YES;
				MARKETING_VERSION = 1.0;
				PRODUCT_BUNDLE_IDENTIFIER = "dumb-INC..lidarUITests";
				PRODUCT_NAME = "$(TARGET_NAME)";
				SWIFT_EMIT_LOC_STRINGS = NO;
				SWIFT_VERSION = 5.0;
				TARGETED_DEVICE_FAMILY = "1,2";
				TEST_TARGET_NAME = lidar;
			};
			name = Debug;
		};
		228E000F2CD19D2000703F6D /* Release */ = {
			isa = XCBuildConfiguration;
			buildSettings = {
				CODE_SIGN_STYLE = Automatic;
				CURRENT_PROJECT_VERSION = 1;
				DEVELOPMENT_TEAM = J7UTAJ2A4G;
				GENERATE_INFOPLIST_FILE = YES;
				MARKETING_VERSION = 1.0;
				PRODUCT_BUNDLE_IDENTIFIER = "dumb-INC..lidarUITests";
				PRODUCT_NAME = "$(TARGET_NAME)";
				SWIFT_EMIT_LOC_STRINGS = NO;
				SWIFT_VERSION = 5.0;
				TARGETED_DEVICE_FAMILY = "1,2";
				TEST_TARGET_NAME = lidar;
			};
			name = Release;
		};
/* End XCBuildConfiguration section */

/* Begin XCConfigurationList section */
		228E00072CD19D2000703F6D /* Build configuration list for PBXNativeTarget "lidar" */ = {
			isa = XCConfigurationList;
			buildConfigurations = (
				228E00082CD19D2000703F6D /* Debug */,
				228E00092CD19D2000703F6D /* Release */,
			);
			defaultConfigurationIsVisible = 0;
			defaultConfigurationName = Release;
		};
		228E000A2CD19D2000703F6D /* Build configuration list for PBXNativeTarget "lidarTests" */ = {
			isa = XCConfigurationList;
			buildConfigurations = (
				228E000B2CD19D2000703F6D /* Debug */,
				228E000C2CD19D2000703F6D /* Release */,
			);
			defaultConfigurationIsVisible = 0;
			defaultConfigurationName = Release;
		};
		228E000D2CD19D2000703F6D /* Build configuration list for PBXNativeTarget "lidarUITests" */ = {
			isa = XCConfigurationList;
			buildConfigurations = (
				228E000E2CD19D2000703F6D /* Debug */,
				228E000F2CD19D2000703F6D /* Release */,
			);
			defaultConfigurationIsVisible = 0;
			defaultConfigurationName = Release;
		};
		228EFFDE2CD19D1F00703F6D /* Build configuration list for PBXProject "lidar" */ = {
			isa = XCConfigurationList;
			buildConfigurations = (
				228E00052CD19D2000703F6D /* Debug */,
				228E00062CD19D2000703F6D /* Release */,
			);
			defaultConfigurationIsVisible = 0;
			defaultConfigurationName = Release;
		};
/* End XCConfigurationList section */

/* Begin XCRemoteSwiftPackageReference section */
		2271F2722D4D77FC00EB9227 /* XCRemoteSwiftPackageReference "Starscream" */ = {
			isa = XCRemoteSwiftPackageReference;
			repositoryURL = "https://github.com/daltoniam/Starscream.git";
			requirement = {
				kind = upToNextMajorVersion;
				minimumVersion = 4.0.8;
			};
		};
/* End XCRemoteSwiftPackageReference section */

/* Begin XCSwiftPackageProductDependency section */
		2271F2742D4D7ADE00EB9227 /* Starscream */ = {
			isa = XCSwiftPackageProductDependency;
			package = 2271F2722D4D77FC00EB9227 /* XCRemoteSwiftPackageReference "Starscream" */;
			productName = Starscream;
		};
/* End XCSwiftPackageProductDependency section */
	};
	rootObject = 228EFFDB2CD19D1F00703F6D /* Project object */;
}
